{
  "name": "marketbrief-ai",
  "lockfileVersion": 3,
  "requires": true,
  "packages": {
    "": {
      "name": "marketbrief-ai",
      "dependencies": {
        "@waffo/pancake-ts": "^0.17.0"
      },
      "engines": {
        "node": ">=20.0.0"
      }
    },
    "node_modules/@waffo/pancake-ts": {
      "version": "0.17.0",
      "resolved": "https://registry.npmjs.org/@waffo/pancake-ts/-/pancake-ts-0.17.0.tgz",
      "integrity": "sha512-p9qESx5ZHhXbxO8lW6YX4chcq7YEyBin5wp0MAQOzsAd63q1wTa2RRTyhykMr/oBpwgYFfUFVWnA+RffX8aSAg==",
      "license": "MIT",
      "engines": {
        "node": ">=20.0.0"
      }
    }
  }
}
